
Microsoft Visual Studio Solution File, Format Version 12.00
# Visual Studio Version 16
VisualStudioVersion = 16.0.30503.244
MinimumVisualStudioVersion = 10.0.40219.1
Project("{FAE04EC0-301F-11D3-BF4B-00C04F79EFBC}") = "DataStructuresDemo", "DataStructuresDemo\DataStructuresDemo.csproj", "{153C08C6-0A88-4F38-8284-97A9EC4CF2FC}"
EndProject
Global
	GlobalSection(SolutionConfigurationPlatforms) = preSolution
		Debug|Any CPU = Debug|Any CPU
		Release|Any CPU = Release|Any CPU
	EndGlobalSection
	GlobalSection(ProjectConfigurationPlatforms) = postSolution
		{153C08C6-0A88-4F38-8284-97A9EC4CF2FC}.Debug|Any CPU.ActiveCfg = Debug|Any CPU
		{153C08C6-0A88-4F38-8284-97A9EC4CF2FC}.Debug|Any CPU.Build.0 = Debug|Any CPU
		{153C08C6-0A88-4F38-8284-97A9EC4CF2FC}.Release|Any CPU.ActiveCfg = Release|Any CPU
		{153C08C6-0A88-4F38-8284-97A9EC4CF2FC}.Release|Any CPU.Build.0 = Release|Any CPU
	EndGlobalSection
	GlobalSection(SolutionProperties) = preSolution
		HideSolutionNode = FALSE
	EndGlobalSection
	GlobalSection(ExtensibilityGlobals) = postSolution
		SolutionGuid = {CD0EF484-5A35-445B-B9E6-0E8064579090}
	EndGlobalSection
EndGlobal
